
Microsoft Visual Studio Solution File, Format Version 12.00
# Visual Studio Version 16
VisualStudioVersion = 16.0.34601.136
MinimumVisualStudioVersion = 10.0.40219.1
Project("{FAE04EC0-301F-11D3-BF4B-00C04F79EFBC}") = "HomeWork_1.1", "HomeWork_1.1.csproj", "{E5A38ADD-B7FC-4F4B-96E1-705FE3D69DBF}"
EndProject
Project("{FAE04EC0-301F-11D3-BF4B-00C04F79EFBC}") = "RectangleCalculator", "..\RectangleCalculator\RectangleCalculator.csproj", "{4CEF4088-619B-4E8D-BC4E-1DA57C601650}"
EndProject
Project("{FAE04EC0-301F-11D3-BF4B-00C04F79EFBC}") = "library", "..\library\library.csproj", "{8A74BF5A-98F6-4486-B6F7-A7BCF1B4A16B}"
EndProject
Project("{FAE04EC0-301F-11D3-BF4B-00C04F79EFBC}") = "Figures", "..\Figures\Figures.csproj", "{C478F93A-0D43-4CF5-B1B4-87FD2EA6BAC7}"
EndProject
Project("{FAE04EC0-301F-11D3-BF4B-00C04F79EFBC}") = "UserInformation", "..\UserInformation\UserInformation.csproj", "{8990F046-78A2-4372-A0CC-21842FD642CA}"
EndProject
Project("{FAE04EC0-301F-11D3-BF4B-00C04F79EFBC}") = "Converter", "..\Converter\Converter.csproj", "{C04DE11D-64E6-4D33-AA35-B8F3F3F5A3FB}"
EndProject
Project("{FAE04EC0-301F-11D3-BF4B-00C04F79EFBC}") = "ClassRoom", "..\ClassRoom\ClassRoom.csproj", "{CF6AC0A8-F5A3-46AA-8459-9594EB6E0ED7}"
EndProject
Project("{FAE04EC0-301F-11D3-BF4B-00C04F79EFBC}") = "Vehicle", "..\Vehicle\Vehicle.csproj", "{B7529817-7613-40B9-B1C5-65444DF25E5E}"
EndProject
Project("{FAE04EC0-301F-11D3-BF4B-00C04F79EFBC}") = "Player", "..\Player\Player.csproj", "{2E7628E8-A80E-42AC-A93D-933FE0C42B3F}"
EndProject
Project("{FAE04EC0-301F-11D3-BF4B-00C04F79EFBC}") = "Arrаy", "..\Arrаy\Arrаy.csproj", "{5C6E4EAA-ADB3-4B4F-9821-64EF63C377C5}"
EndProject
Project("{FAE04EC0-301F-11D3-BF4B-00C04F79EFBC}") = "Article", "..\MyMatrix\Article.csproj", "{F225CB20-D5FA-4EDC-BC77-E53676C9F88D}"
EndProject
Project("{FAE04EC0-301F-11D3-BF4B-00C04F79EFBC}") = "Trains", "..\Trains\Trains.csproj", "{D26B772A-B56F-4D87-8700-B1B4C7D28F43}"
EndProject
Project("{FAE04EC0-301F-11D3-BF4B-00C04F79EFBC}") = "П", "..\П\П.csproj", "{8841B85B-F1A8-4B5A-805B-CA43D148E105}"
EndProject
Project("{FAE04EC0-301F-11D3-BF4B-00C04F79EFBC}") = "ConsoleApp4", "..\ConsoleApp4\ConsoleApp4.csproj", "{58F0C8D7-4201-4C0E-91BB-F813E3D2884D}"
EndProject
Project("{9A19103F-16F7-4668-BE54-9A1E7A4F7556}") = "ClassLibrary1", "..\ClassLibrary1\ClassLibrary1.csproj", "{D6F4142E-42F5-49BB-BBCC-0262BCDC3E4B}"
EndProject
Project("{9A19103F-16F7-4668-BE54-9A1E7A4F7556}") = "Txt", "..\Txt\Txt.csproj", "{E5EE71B2-9012-4C07-82D0-A455D6D9CCA5}"
EndProject
Project("{FAE04EC0-301F-11D3-BF4B-00C04F79EFBC}") = "ConsoleApp6", "..\ConsoleApp6\ConsoleApp6.csproj", "{34C9DA89-E7B6-480E-A2DC-54BB4E7CDBAD}"
EndProject
Project("{FAE04EC0-301F-11D3-BF4B-00C04F79EFBC}") = "ConsoleApp7", "..\ConsoleApp7\ConsoleApp7.csproj", "{5D90B0F1-9848-47DD-BA4A-4C11125491A9}"
EndProject
Global
	GlobalSection(SolutionConfigurationPlatforms) = preSolution
		Debug|Any CPU = Debug|Any CPU
		Release|Any CPU = Release|Any CPU
	EndGlobalSection
	GlobalSection(ProjectConfigurationPlatforms) = postSolution
		{E5A38ADD-B7FC-4F4B-96E1-705FE3D69DBF}.Debug|Any CPU.ActiveCfg = Debug|Any CPU
		{E5A38ADD-B7FC-4F4B-96E1-705FE3D69DBF}.Debug|Any CPU.Build.0 = Debug|Any CPU
		{E5A38ADD-B7FC-4F4B-96E1-705FE3D69DBF}.Release|Any CPU.ActiveCfg = Release|Any CPU
		{E5A38ADD-B7FC-4F4B-96E1-705FE3D69DBF}.Release|Any CPU.Build.0 = Release|Any CPU
		{4CEF4088-619B-4E8D-BC4E-1DA57C601650}.Debug|Any CPU.ActiveCfg = Debug|Any CPU
		{4CEF4088-619B-4E8D-BC4E-1DA57C601650}.Debug|Any CPU.Build.0 = Debug|Any CPU
		{4CEF4088-619B-4E8D-BC4E-1DA57C601650}.Release|Any CPU.ActiveCfg = Release|Any CPU
		{4CEF4088-619B-4E8D-BC4E-1DA57C601650}.Release|Any CPU.Build.0 = Release|Any CPU
		{8A74BF5A-98F6-4486-B6F7-A7BCF1B4A16B}.Debug|Any CPU.ActiveCfg = Debug|Any CPU
		{8A74BF5A-98F6-4486-B6F7-A7BCF1B4A16B}.Debug|Any CPU.Build.0 = Debug|Any CPU
		{8A74BF5A-98F6-4486-B6F7-A7BCF1B4A16B}.Release|Any CPU.ActiveCfg = Release|Any CPU
		{8A74BF5A-98F6-4486-B6F7-A7BCF1B4A16B}.Release|Any CPU.Build.0 = Release|Any CPU
		{C478F93A-0D43-4CF5-B1B4-87FD2EA6BAC7}.Debug|Any CPU.ActiveCfg = Debug|Any CPU
		{C478F93A-0D43-4CF5-B1B4-87FD2EA6BAC7}.Debug|Any CPU.Build.0 = Debug|Any CPU
		{C478F93A-0D43-4CF5-B1B4-87FD2EA6BAC7}.Release|Any CPU.ActiveCfg = Release|Any CPU
		{C478F93A-0D43-4CF5-B1B4-87FD2EA6BAC7}.Release|Any CPU.Build.0 = Release|Any CPU
		{8990F046-78A2-4372-A0CC-21842FD642CA}.Debug|Any CPU.ActiveCfg = Debug|Any CPU
		{8990F046-78A2-4372-A0CC-21842FD642CA}.Debug|Any CPU.Build.0 = Debug|Any CPU
		{8990F046-78A2-4372-A0CC-21842FD642CA}.Release|Any CPU.ActiveCfg = Release|Any CPU
		{8990F046-78A2-4372-A0CC-21842FD642CA}.Release|Any CPU.Build.0 = Release|Any CPU
		{C04DE11D-64E6-4D33-AA35-B8F3F3F5A3FB}.Debug|Any CPU.ActiveCfg = Debug|Any CPU
		{C04DE11D-64E6-4D33-AA35-B8F3F3F5A3FB}.Debug|Any CPU.Build.0 = Debug|Any CPU
		{C04DE11D-64E6-4D33-AA35-B8F3F3F5A3FB}.Release|Any CPU.ActiveCfg = Release|Any CPU
		{C04DE11D-64E6-4D33-AA35-B8F3F3F5A3FB}.Release|Any CPU.Build.0 = Release|Any CPU
		{CF6AC0A8-F5A3-46AA-8459-9594EB6E0ED7}.Debug|Any CPU.ActiveCfg = Debug|Any CPU
		{CF6AC0A8-F5A3-46AA-8459-9594EB6E0ED7}.Debug|Any CPU.Build.0 = Debug|Any CPU
		{CF6AC0A8-F5A3-46AA-8459-9594EB6E0ED7}.Release|Any CPU.ActiveCfg = Release|Any CPU
		{CF6AC0A8-F5A3-46AA-8459-9594EB6E0ED7}.Release|Any CPU.Build.0 = Release|Any CPU
		{B7529817-7613-40B9-B1C5-65444DF25E5E}.Debug|Any CPU.ActiveCfg = Debug|Any CPU
		{B7529817-7613-40B9-B1C5-65444DF25E5E}.Debug|Any CPU.Build.0 = Debug|Any CPU
		{B7529817-7613-40B9-B1C5-65444DF25E5E}.Release|Any CPU.ActiveCfg = Release|Any CPU
		{B7529817-7613-40B9-B1C5-65444DF25E5E}.Release|Any CPU.Build.0 = Release|Any CPU
		{2E7628E8-A80E-42AC-A93D-933FE0C42B3F}.Debug|Any CPU.ActiveCfg = Debug|Any CPU
		{2E7628E8-A80E-42AC-A93D-933FE0C42B3F}.Debug|Any CPU.Build.0 = Debug|Any CPU
		{2E7628E8-A80E-42AC-A93D-933FE0C42B3F}.Release|Any CPU.ActiveCfg = Release|Any CPU
		{2E7628E8-A80E-42AC-A93D-933FE0C42B3F}.Release|Any CPU.Build.0 = Release|Any CPU
		{5C6E4EAA-ADB3-4B4F-9821-64EF63C377C5}.Debug|Any CPU.ActiveCfg = Debug|Any CPU
		{5C6E4EAA-ADB3-4B4F-9821-64EF63C377C5}.Debug|Any CPU.Build.0 = Debug|Any CPU
		{5C6E4EAA-ADB3-4B4F-9821-64EF63C377C5}.Release|Any CPU.ActiveCfg = Release|Any CPU
		{5C6E4EAA-ADB3-4B4F-9821-64EF63C377C5}.Release|Any CPU.Build.0 = Release|Any CPU
		{F225CB20-D5FA-4EDC-BC77-E53676C9F88D}.Debug|Any CPU.ActiveCfg = Debug|Any CPU
		{F225CB20-D5FA-4EDC-BC77-E53676C9F88D}.Debug|Any CPU.Build.0 = Debug|Any CPU
		{F225CB20-D5FA-4EDC-BC77-E53676C9F88D}.Release|Any CPU.ActiveCfg = Release|Any CPU
		{F225CB20-D5FA-4EDC-BC77-E53676C9F88D}.Release|Any CPU.Build.0 = Release|Any CPU
		{D26B772A-B56F-4D87-8700-B1B4C7D28F43}.Debug|Any CPU.ActiveCfg = Debug|Any CPU
		{D26B772A-B56F-4D87-8700-B1B4C7D28F43}.Debug|Any CPU.Build.0 = Debug|Any CPU
		{D26B772A-B56F-4D87-8700-B1B4C7D28F43}.Release|Any CPU.ActiveCfg = Release|Any CPU
		{D26B772A-B56F-4D87-8700-B1B4C7D28F43}.Release|Any CPU.Build.0 = Release|Any CPU
		{8841B85B-F1A8-4B5A-805B-CA43D148E105}.Debug|Any CPU.ActiveCfg = Debug|Any CPU
		{8841B85B-F1A8-4B5A-805B-CA43D148E105}.Debug|Any CPU.Build.0 = Debug|Any CPU
		{8841B85B-F1A8-4B5A-805B-CA43D148E105}.Release|Any CPU.ActiveCfg = Release|Any CPU
		{8841B85B-F1A8-4B5A-805B-CA43D148E105}.Release|Any CPU.Build.0 = Release|Any CPU
		{58F0C8D7-4201-4C0E-91BB-F813E3D2884D}.Debug|Any CPU.ActiveCfg = Debug|Any CPU
		{58F0C8D7-4201-4C0E-91BB-F813E3D2884D}.Debug|Any CPU.Build.0 = Debug|Any CPU
		{58F0C8D7-4201-4C0E-91BB-F813E3D2884D}.Release|Any CPU.ActiveCfg = Release|Any CPU
		{58F0C8D7-4201-4C0E-91BB-F813E3D2884D}.Release|Any CPU.Build.0 = Release|Any CPU
		{D6F4142E-42F5-49BB-BBCC-0262BCDC3E4B}.Debug|Any CPU.ActiveCfg = Debug|Any CPU
		{D6F4142E-42F5-49BB-BBCC-0262BCDC3E4B}.Debug|Any CPU.Build.0 = Debug|Any CPU
		{D6F4142E-42F5-49BB-BBCC-0262BCDC3E4B}.Release|Any CPU.ActiveCfg = Release|Any CPU
		{D6F4142E-42F5-49BB-BBCC-0262BCDC3E4B}.Release|Any CPU.Build.0 = Release|Any CPU
		{E5EE71B2-9012-4C07-82D0-A455D6D9CCA5}.Debug|Any CPU.ActiveCfg = Debug|Any CPU
		{E5EE71B2-9012-4C07-82D0-A455D6D9CCA5}.Debug|Any CPU.Build.0 = Debug|Any CPU
		{E5EE71B2-9012-4C07-82D0-A455D6D9CCA5}.Release|Any CPU.ActiveCfg = Release|Any CPU
		{E5EE71B2-9012-4C07-82D0-A455D6D9CCA5}.Release|Any CPU.Build.0 = Release|Any CPU
		{34C9DA89-E7B6-480E-A2DC-54BB4E7CDBAD}.Debug|Any CPU.ActiveCfg = Debug|Any CPU
		{34C9DA89-E7B6-480E-A2DC-54BB4E7CDBAD}.Debug|Any CPU.Build.0 = Debug|Any CPU
		{34C9DA89-E7B6-480E-A2DC-54BB4E7CDBAD}.Release|Any CPU.ActiveCfg = Release|Any CPU
		{34C9DA89-E7B6-480E-A2DC-54BB4E7CDBAD}.Release|Any CPU.Build.0 = Release|Any CPU
		{5D90B0F1-9848-47DD-BA4A-4C11125491A9}.Debug|Any CPU.ActiveCfg = Debug|Any CPU
		{5D90B0F1-9848-47DD-BA4A-4C11125491A9}.Debug|Any CPU.Build.0 = Debug|Any CPU
		{5D90B0F1-9848-47DD-BA4A-4C11125491A9}.Release|Any CPU.ActiveCfg = Release|Any CPU
		{5D90B0F1-9848-47DD-BA4A-4C11125491A9}.Release|Any CPU.Build.0 = Release|Any CPU
	EndGlobalSection
	GlobalSection(SolutionProperties) = preSolution
		HideSolutionNode = FALSE
	EndGlobalSection
	GlobalSection(ExtensibilityGlobals) = postSolution
		SolutionGuid = {BEFEC02B-3335-48C7-9165-C027C3392822}
	EndGlobalSection
EndGlobal
