
Microsoft Visual Studio Solution File, Format Version 12.00
# Visual Studio Version 16
VisualStudioVersion = 16.0.34729.46
MinimumVisualStudioVersion = 10.0.40219.1
Project("{FAE04EC0-301F-11D3-BF4B-00C04F79EFBC}") = "BinaryTree", "BinaryTree.csproj", "{4A399511-E8EF-41CF-820E-AD97FD5FAC47}"
EndProject
Global
	GlobalSection(SolutionConfigurationPlatforms) = preSolution
		Debug|Any CPU = Debug|Any CPU
		Release|Any CPU = Release|Any CPU
	EndGlobalSection
	GlobalSection(ProjectConfigurationPlatforms) = postSolution
		{4A399511-E8EF-41CF-820E-AD97FD5FAC47}.Debug|Any CPU.ActiveCfg = Debug|Any CPU
		{4A399511-E8EF-41CF-820E-AD97FD5FAC47}.Debug|Any CPU.Build.0 = Debug|Any CPU
		{4A399511-E8EF-41CF-820E-AD97FD5FAC47}.Release|Any CPU.ActiveCfg = Release|Any CPU
		{4A399511-E8EF-41CF-820E-AD97FD5FAC47}.Release|Any CPU.Build.0 = Release|Any CPU
	EndGlobalSection
	GlobalSection(SolutionProperties) = preSolution
		HideSolutionNode = FALSE
	EndGlobalSection
	GlobalSection(ExtensibilityGlobals) = postSolution
		SolutionGuid = {60C12717-3154-4897-B061-1CFB5FE5C379}
	EndGlobalSection
EndGlobal
